
Microsoft Visual Studio Solution File, Format Version 12.00
# Visual Studio 15
VisualStudioVersion = 15.0.28307.421
MinimumVisualStudioVersion = 10.0.40219.1
Project("{535C04D7-A2A5-47C7-83E0-B340A995CD1F}") = "COBANL2B", "COBANL2B\COBANL2B.cblproj", "{5E894812-A44C-4F02-ACC2-959919CBF50B}"
EndProject
Global
	GlobalSection(SolutionConfigurationPlatforms) = preSolution
		Debug|x86 = Debug|x86
		Release|x86 = Release|x86
	EndGlobalSection
	GlobalSection(ProjectConfigurationPlatforms) = postSolution
		{5E894812-A44C-4F02-ACC2-959919CBF50B}.Debug|x86.ActiveCfg = Debug|x86
		{5E894812-A44C-4F02-ACC2-959919CBF50B}.Debug|x86.Build.0 = Debug|x86
		{5E894812-A44C-4F02-ACC2-959919CBF50B}.Release|x86.ActiveCfg = Release|x86
		{5E894812-A44C-4F02-ACC2-959919CBF50B}.Release|x86.Build.0 = Release|x86
	EndGlobalSection
	GlobalSection(SolutionProperties) = preSolution
		HideSolutionNode = FALSE
	EndGlobalSection
	GlobalSection(ExtensibilityGlobals) = postSolution
		SolutionGuid = {47527215-E6A9-46DA-AE0D-FFECEB8EB797}
	EndGlobalSection
EndGlobal
